// !$*UTF8*$!
{
	archiveVersion = 1;
	classes = {
	};
	objectVersion = 55;
	objects = {

/* Begin PBXBuildFile section */
		0B6A04B32868D74C007B89E0 /* AppDelegate.swift in Sources */ = {isa = PBXBuildFile; fileRef = 0B6A04B22868D74C007B89E0 /* AppDelegate.swift */; };
		0B6A04B52868D74C007B89E0 /* SceneDelegate.swift in Sources */ = {isa = PBXBuildFile; fileRef = 0B6A04B42868D74C007B89E0 /* SceneDelegate.swift */; };
		0B6A04BC2868D74C007B89E0 /* Assets.xcassets in Resources */ = {isa = PBXBuildFile; fileRef = 0B6A04BB2868D74C007B89E0 /* Assets.xcassets */; };
		0B6A04BF2868D74C007B89E0 /* LaunchScreen.storyboard in Resources */ = {isa = PBXBuildFile; fileRef = 0B6A04BD2868D74C007B89E0 /* LaunchScreen.storyboard */; };
		0B6A04CE2868E046007B89E0 /* UIView.NSLayoutConstraints.swift in Sources */ = {isa = PBXBuildFile; fileRef = 0B6A04CD2868E046007B89E0 /* UIView.NSLayoutConstraints.swift */; };
		0B6A04D12868F0B0007B89E0 /* ConverterFactory.swift in Sources */ = {isa = PBXBuildFile; fileRef = 0B6A04D02868F0B0007B89E0 /* ConverterFactory.swift */; };
		0B6A04D32868F0DB007B89E0 /* ConverterViewController.swift in Sources */ = {isa = PBXBuildFile; fileRef = 0B6A04D22868F0DB007B89E0 /* ConverterViewController.swift */; };
		0B6A04D52868F0EA007B89E0 /* ConverterPresenter.swift in Sources */ = {isa = PBXBuildFile; fileRef = 0B6A04D42868F0EA007B89E0 /* ConverterPresenter.swift */; };
		0B6A04D72868F134007B89E0 /* ConverterUIModel.swift in Sources */ = {isa = PBXBuildFile; fileRef = 0B6A04D62868F134007B89E0 /* ConverterUIModel.swift */; };
		0B6A04DB2868F18F007B89E0 /* ConverterInterface.swift in Sources */ = {isa = PBXBuildFile; fileRef = 0B6A04DA2868F18F007B89E0 /* ConverterInterface.swift */; };
		0B6A66F0286B265F00B7A793 /* ConverterViewModel.swift in Sources */ = {isa = PBXBuildFile; fileRef = 0B6A66EF286B265F00B7A793 /* ConverterViewModel.swift */; };
		0B769820286CEEDF001188F1 /* CurrencyInputType.swift in Sources */ = {isa = PBXBuildFile; fileRef = 0B76981F286CEEDF001188F1 /* CurrencyInputType.swift */; };
		0B8967E4286A1D0E000D155F /* NetworkClient.swift in Sources */ = {isa = PBXBuildFile; fileRef = 0B8967E3286A1D0E000D155F /* NetworkClient.swift */; };
		0B8967E7286A1DD0000D155F /* NetworkRequest.swift in Sources */ = {isa = PBXBuildFile; fileRef = 0B8967E6286A1DD0000D155F /* NetworkRequest.swift */; };
		0B8967E9286A1F0E000D155F /* NetworkRequestMethod.swift in Sources */ = {isa = PBXBuildFile; fileRef = 0B8967E8286A1F0E000D155F /* NetworkRequestMethod.swift */; };
		0B8967EB286A2228000D155F /* NetworkError.swift in Sources */ = {isa = PBXBuildFile; fileRef = 0B8967EA286A2228000D155F /* NetworkError.swift */; };
		0B8967EF286A3C68000D155F /* CurrencyConverterEntity.swift in Sources */ = {isa = PBXBuildFile; fileRef = 0B8967EE286A3C68000D155F /* CurrencyConverterEntity.swift */; };
		0B8967F1286A3CEF000D155F /* CurrencyConverterUseCase.swift in Sources */ = {isa = PBXBuildFile; fileRef = 0B8967F0286A3CEF000D155F /* CurrencyConverterUseCase.swift */; };
		0B8967F5286A3E2E000D155F /* CurrencyConverterParameters.swift in Sources */ = {isa = PBXBuildFile; fileRef = 0B8967F4286A3E2E000D155F /* CurrencyConverterParameters.swift */; };
		0B8967F8286A3F59000D155F /* Consts.swift in Sources */ = {isa = PBXBuildFile; fileRef = 0B8967F7286A3F59000D155F /* Consts.swift */; };
		0BA2622F286DCC300034FC55 /* AlertViewModel.swift in Sources */ = {isa = PBXBuildFile; fileRef = 0BA2622E286DCC300034FC55 /* AlertViewModel.swift */; };
		0BB826EB286DE5C200305D84 /* SystemKeyboardInfo.swift in Sources */ = {isa = PBXBuildFile; fileRef = 0BB826EA286DE5C200305D84 /* SystemKeyboardInfo.swift */; };
		0BB826ED286DEACE00305D84 /* NSLayoutConstraint.reference.swift in Sources */ = {isa = PBXBuildFile; fileRef = 0BB826EC286DEACE00305D84 /* NSLayoutConstraint.reference.swift */; };
		0BB826F0286E48D600305D84 /* ImageBook.swift in Sources */ = {isa = PBXBuildFile; fileRef = 0BB826EF286E48D600305D84 /* ImageBook.swift */; };
		0BBC9BCF286B3771006BC1C9 /* CurrencyInput.swift in Sources */ = {isa = PBXBuildFile; fileRef = 0BBC9BCE286B3771006BC1C9 /* CurrencyInput.swift */; };
		0BBC9BD1286B3786006BC1C9 /* CurrencyInputViewModel.swift in Sources */ = {isa = PBXBuildFile; fileRef = 0BBC9BD0286B3786006BC1C9 /* CurrencyInputViewModel.swift */; };
		0BBC9BD3286B379C006BC1C9 /* CurrencyInputModel.swift in Sources */ = {isa = PBXBuildFile; fileRef = 0BBC9BD2286B379C006BC1C9 /* CurrencyInputModel.swift */; };
		0BBC9BD5286B37A5006BC1C9 /* CurrencyInputDelegate.swift in Sources */ = {isa = PBXBuildFile; fileRef = 0BBC9BD4286B37A5006BC1C9 /* CurrencyInputDelegate.swift */; };
		0BDE0319286C3645000FED12 /* PickerViewWrapperController.swift in Sources */ = {isa = PBXBuildFile; fileRef = 0BDE0318286C3645000FED12 /* PickerViewWrapperController.swift */; };
		0BDE031B286C378C000FED12 /* PickerViewWrapperDelegate.swift in Sources */ = {isa = PBXBuildFile; fileRef = 0BDE031A286C378C000FED12 /* PickerViewWrapperDelegate.swift */; };
		0BDE031D286C37D7000FED12 /* PickerViewWrapperUIModel.swift in Sources */ = {isa = PBXBuildFile; fileRef = 0BDE031C286C37D7000FED12 /* PickerViewWrapperUIModel.swift */; };
		0BEF0B41286E58C1009C8200 /* UIApplication.rootWindow.swift in Sources */ = {isa = PBXBuildFile; fileRef = 0BEF0B40286E58C1009C8200 /* UIApplication.rootWindow.swift */; };
		0BF23637286ADD6F00444B31 /* AccountChip.swift in Sources */ = {isa = PBXBuildFile; fileRef = 0BF23636286ADD6F00444B31 /* AccountChip.swift */; };
		0BF23639286ADD9900444B31 /* AccountChipModel.swift in Sources */ = {isa = PBXBuildFile; fileRef = 0BF23638286ADD9900444B31 /* AccountChipModel.swift */; };
		0BF2363B286ADDA200444B31 /* AccountChipViewModel.swift in Sources */ = {isa = PBXBuildFile; fileRef = 0BF2363A286ADDA200444B31 /* AccountChipViewModel.swift */; };
		0BF2363E286ADE9800444B31 /* Currency.swift in Sources */ = {isa = PBXBuildFile; fileRef = 0BF2363D286ADE9800444B31 /* Currency.swift */; };
		0BF23640286ADF3100444B31 /* AccountItem.swift in Sources */ = {isa = PBXBuildFile; fileRef = 0BF2363F286ADF3100444B31 /* AccountItem.swift */; };
/* End PBXBuildFile section */

/* Begin PBXFileReference section */
		0B6A04AF2868D74C007B89E0 /* Currency Converter.app */ = {isa = PBXFileReference; explicitFileType = wrapper.application; includeInIndex = 0; path = "Currency Converter.app"; sourceTree = BUILT_PRODUCTS_DIR; };
		0B6A04B22868D74C007B89E0 /* AppDelegate.swift */ = {isa = PBXFileReference; lastKnownFileType = sourcecode.swift; path = AppDelegate.swift; sourceTree = "<group>"; };
		0B6A04B42868D74C007B89E0 /* SceneDelegate.swift */ = {isa = PBXFileReference; lastKnownFileType = sourcecode.swift; path = SceneDelegate.swift; sourceTree = "<group>"; };
		0B6A04BB2868D74C007B89E0 /* Assets.xcassets */ = {isa = PBXFileReference; lastKnownFileType = folder.assetcatalog; path = Assets.xcassets; sourceTree = "<group>"; };
		0B6A04BE2868D74C007B89E0 /* Base */ = {isa = PBXFileReference; lastKnownFileType = file.storyboard; name = Base; path = Base.lproj/LaunchScreen.storyboard; sourceTree = "<group>"; };
		0B6A04C02868D74C007B89E0 /* Info.plist */ = {isa = PBXFileReference; lastKnownFileType = text.plist.xml; path = Info.plist; sourceTree = "<group>"; };
		0B6A04CD2868E046007B89E0 /* UIView.NSLayoutConstraints.swift */ = {isa = PBXFileReference; lastKnownFileType = sourcecode.swift; path = UIView.NSLayoutConstraints.swift; sourceTree = "<group>"; };
		0B6A04D02868F0B0007B89E0 /* ConverterFactory.swift */ = {isa = PBXFileReference; lastKnownFileType = sourcecode.swift; path = ConverterFactory.swift; sourceTree = "<group>"; };
		0B6A04D22868F0DB007B89E0 /* ConverterViewController.swift */ = {isa = PBXFileReference; lastKnownFileType = sourcecode.swift; path = ConverterViewController.swift; sourceTree = "<group>"; };
		0B6A04D42868F0EA007B89E0 /* ConverterPresenter.swift */ = {isa = PBXFileReference; lastKnownFileType = sourcecode.swift; path = ConverterPresenter.swift; sourceTree = "<group>"; };
		0B6A04D62868F134007B89E0 /* ConverterUIModel.swift */ = {isa = PBXFileReference; lastKnownFileType = sourcecode.swift; path = ConverterUIModel.swift; sourceTree = "<group>"; };
		0B6A04DA2868F18F007B89E0 /* ConverterInterface.swift */ = {isa = PBXFileReference; lastKnownFileType = sourcecode.swift; path = ConverterInterface.swift; sourceTree = "<group>"; };
		0B6A66EF286B265F00B7A793 /* ConverterViewModel.swift */ = {isa = PBXFileReference; lastKnownFileType = sourcecode.swift; path = ConverterViewModel.swift; sourceTree = "<group>"; };
		0B76981F286CEEDF001188F1 /* CurrencyInputType.swift */ = {isa = PBXFileReference; lastKnownFileType = sourcecode.swift; path = CurrencyInputType.swift; sourceTree = "<group>"; };
		0B8967E3286A1D0E000D155F /* NetworkClient.swift */ = {isa = PBXFileReference; lastKnownFileType = sourcecode.swift; path = NetworkClient.swift; sourceTree = "<group>"; };
		0B8967E6286A1DD0000D155F /* NetworkRequest.swift */ = {isa = PBXFileReference; lastKnownFileType = sourcecode.swift; path = NetworkRequest.swift; sourceTree = "<group>"; };
		0B8967E8286A1F0E000D155F /* NetworkRequestMethod.swift */ = {isa = PBXFileReference; lastKnownFileType = sourcecode.swift; path = NetworkRequestMethod.swift; sourceTree = "<group>"; };
		0B8967EA286A2228000D155F /* NetworkError.swift */ = {isa = PBXFileReference; lastKnownFileType = sourcecode.swift; path = NetworkError.swift; sourceTree = "<group>"; };
		0B8967EE286A3C68000D155F /* CurrencyConverterEntity.swift */ = {isa = PBXFileReference; lastKnownFileType = sourcecode.swift; path = CurrencyConverterEntity.swift; sourceTree = "<group>"; };
		0B8967F0286A3CEF000D155F /* CurrencyConverterUseCase.swift */ = {isa = PBXFileReference; lastKnownFileType = sourcecode.swift; path = CurrencyConverterUseCase.swift; sourceTree = "<group>"; };
		0B8967F4286A3E2E000D155F /* CurrencyConverterParameters.swift */ = {isa = PBXFileReference; lastKnownFileType = sourcecode.swift; path = CurrencyConverterParameters.swift; sourceTree = "<group>"; };
		0B8967F7286A3F59000D155F /* Consts.swift */ = {isa = PBXFileReference; lastKnownFileType = sourcecode.swift; path = Consts.swift; sourceTree = "<group>"; };
		0BA2622E286DCC300034FC55 /* AlertViewModel.swift */ = {isa = PBXFileReference; lastKnownFileType = sourcecode.swift; path = AlertViewModel.swift; sourceTree = "<group>"; };
		0BB826EA286DE5C200305D84 /* SystemKeyboardInfo.swift */ = {isa = PBXFileReference; lastKnownFileType = sourcecode.swift; path = SystemKeyboardInfo.swift; sourceTree = "<group>"; };
		0BB826EC286DEACE00305D84 /* NSLayoutConstraint.reference.swift */ = {isa = PBXFileReference; lastKnownFileType = sourcecode.swift; path = NSLayoutConstraint.reference.swift; sourceTree = "<group>"; };
		0BB826EF286E48D600305D84 /* ImageBook.swift */ = {isa = PBXFileReference; lastKnownFileType = sourcecode.swift; path = ImageBook.swift; sourceTree = "<group>"; };
		0BBC9BCE286B3771006BC1C9 /* CurrencyInput.swift */ = {isa = PBXFileReference; lastKnownFileType = sourcecode.swift; path = CurrencyInput.swift; sourceTree = "<group>"; };
		0BBC9BD0286B3786006BC1C9 /* CurrencyInputViewModel.swift */ = {isa = PBXFileReference; lastKnownFileType = sourcecode.swift; path = CurrencyInputViewModel.swift; sourceTree = "<group>"; };
		0BBC9BD2286B379C006BC1C9 /* CurrencyInputModel.swift */ = {isa = PBXFileReference; lastKnownFileType = sourcecode.swift; path = CurrencyInputModel.swift; sourceTree = "<group>"; };
		0BBC9BD4286B37A5006BC1C9 /* CurrencyInputDelegate.swift */ = {isa = PBXFileReference; lastKnownFileType = sourcecode.swift; path = CurrencyInputDelegate.swift; sourceTree = "<group>"; };
		0BDE0318286C3645000FED12 /* PickerViewWrapperController.swift */ = {isa = PBXFileReference; lastKnownFileType = sourcecode.swift; path = PickerViewWrapperController.swift; sourceTree = "<group>"; };
		0BDE031A286C378C000FED12 /* PickerViewWrapperDelegate.swift */ = {isa = PBXFileReference; lastKnownFileType = sourcecode.swift; path = PickerViewWrapperDelegate.swift; sourceTree = "<group>"; };
		0BDE031C286C37D7000FED12 /* PickerViewWrapperUIModel.swift */ = {isa = PBXFileReference; lastKnownFileType = sourcecode.swift; path = PickerViewWrapperUIModel.swift; sourceTree = "<group>"; };
		0BEF0B40286E58C1009C8200 /* UIApplication.rootWindow.swift */ = {isa = PBXFileReference; lastKnownFileType = sourcecode.swift; path = UIApplication.rootWindow.swift; sourceTree = "<group>"; };
		0BF23636286ADD6F00444B31 /* AccountChip.swift */ = {isa = PBXFileReference; lastKnownFileType = sourcecode.swift; path = AccountChip.swift; sourceTree = "<group>"; };
		0BF23638286ADD9900444B31 /* AccountChipModel.swift */ = {isa = PBXFileReference; lastKnownFileType = sourcecode.swift; path = AccountChipModel.swift; sourceTree = "<group>"; };
		0BF2363A286ADDA200444B31 /* AccountChipViewModel.swift */ = {isa = PBXFileReference; lastKnownFileType = sourcecode.swift; path = AccountChipViewModel.swift; sourceTree = "<group>"; };
		0BF2363D286ADE9800444B31 /* Currency.swift */ = {isa = PBXFileReference; lastKnownFileType = sourcecode.swift; path = Currency.swift; sourceTree = "<group>"; };
		0BF2363F286ADF3100444B31 /* AccountItem.swift */ = {isa = PBXFileReference; lastKnownFileType = sourcecode.swift; path = AccountItem.swift; sourceTree = "<group>"; };
/* End PBXFileReference section */

/* Begin PBXFrameworksBuildPhase section */
		0B6A04AC2868D74C007B89E0 /* Frameworks */ = {
			isa = PBXFrameworksBuildPhase;
			buildActionMask = 2147483647;
			files = (
			);
			runOnlyForDeploymentPostprocessing = 0;
		};
/* End PBXFrameworksBuildPhase section */

/* Begin PBXGroup section */
		0B6A04A62868D74C007B89E0 = {
			isa = PBXGroup;
			children = (
				0B6A04B12868D74C007B89E0 /* Currency Converter */,
				0B6A04B02868D74C007B89E0 /* Products */,
			);
			sourceTree = "<group>";
		};
		0B6A04B02868D74C007B89E0 /* Products */ = {
			isa = PBXGroup;
			children = (
				0B6A04AF2868D74C007B89E0 /* Currency Converter.app */,
			);
			name = Products;
			sourceTree = "<group>";
		};
		0B6A04B12868D74C007B89E0 /* Currency Converter */ = {
			isa = PBXGroup;
			children = (
				0B6A04C02868D74C007B89E0 /* Info.plist */,
				0B6A04C62868D7E5007B89E0 /* App Control */,
				0B6A04C82868D8CE007B89E0 /* Scenes */,
				0BF23634286ADC1E00444B31 /* Views */,
				0B8967E2286A1CFD000D155F /* Network */,
				0BF2363C286ADE8500444B31 /* Shared Models */,
				0B8967F6286A3F4C000D155F /* Helpers */,
				0B6A04CC2868DFE1007B89E0 /* Extensions */,
				0BB826EE286E48CB00305D84 /* Resources */,
				0B6A04BB2868D74C007B89E0 /* Assets.xcassets */,
			);
			path = "Currency Converter";
			sourceTree = "<group>";
		};
		0B6A04C62868D7E5007B89E0 /* App Control */ = {
			isa = PBXGroup;
			children = (
				0B6A04B22868D74C007B89E0 /* AppDelegate.swift */,
				0B6A04B42868D74C007B89E0 /* SceneDelegate.swift */,
			);
			path = "App Control";
			sourceTree = "<group>";
		};
		0B6A04C82868D8CE007B89E0 /* Scenes */ = {
			isa = PBXGroup;
			children = (
				0B6A04BD2868D74C007B89E0 /* LaunchScreen.storyboard */,
				0B6A04CF2868F09E007B89E0 /* Converter */,
			);
			path = Scenes;
			sourceTree = "<group>";
		};
		0B6A04CC2868DFE1007B89E0 /* Extensions */ = {
			isa = PBXGroup;
			children = (
				0B6A04CD2868E046007B89E0 /* UIView.NSLayoutConstraints.swift */,
				0BB826EC286DEACE00305D84 /* NSLayoutConstraint.reference.swift */,
				0BEF0B40286E58C1009C8200 /* UIApplication.rootWindow.swift */,
			);
			path = Extensions;
			sourceTree = "<group>";
		};
		0B6A04CF2868F09E007B89E0 /* Converter */ = {
			isa = PBXGroup;
			children = (
				0B6A04D02868F0B0007B89E0 /* ConverterFactory.swift */,
				0B6A04DA2868F18F007B89E0 /* ConverterInterface.swift */,
				0B6A04D22868F0DB007B89E0 /* ConverterViewController.swift */,
				0B6A04D42868F0EA007B89E0 /* ConverterPresenter.swift */,
				0B6A66EF286B265F00B7A793 /* ConverterViewModel.swift */,
				0B6A04D62868F134007B89E0 /* ConverterUIModel.swift */,
			);
			path = Converter;
			sourceTree = "<group>";
		};
		0B8967E2286A1CFD000D155F /* Network */ = {
			isa = PBXGroup;
			children = (
				0BF23633286ADBC400444B31 /* Client */,
				0B8967EC286A3C3D000D155F /* Use Cases */,
				0B8967ED286A3C47000D155F /* Entities */,
			);
			path = Network;
			sourceTree = "<group>";
		};
		0B8967EC286A3C3D000D155F /* Use Cases */ = {
			isa = PBXGroup;
			children = (
				0B8967F4286A3E2E000D155F /* CurrencyConverterParameters.swift */,
				0B8967F0286A3CEF000D155F /* CurrencyConverterUseCase.swift */,
			);
			path = "Use Cases";
			sourceTree = "<group>";
		};
		0B8967ED286A3C47000D155F /* Entities */ = {
			isa = PBXGroup;
			children = (
				0B8967EE286A3C68000D155F /* CurrencyConverterEntity.swift */,
			);
			path = Entities;
			sourceTree = "<group>";
		};
		0B8967F6286A3F4C000D155F /* Helpers */ = {
			isa = PBXGroup;
			children = (
				0B8967F7286A3F59000D155F /* Consts.swift */,
			);
			path = Helpers;
			sourceTree = "<group>";
		};
		0BB826EE286E48CB00305D84 /* Resources */ = {
			isa = PBXGroup;
			children = (
				0BB826EF286E48D600305D84 /* ImageBook.swift */,
			);
			path = Resources;
			sourceTree = "<group>";
		};
		0BBC9BCD286B3762006BC1C9 /* Currency Input */ = {
			isa = PBXGroup;
			children = (
				0BBC9BCE286B3771006BC1C9 /* CurrencyInput.swift */,
				0BBC9BD4286B37A5006BC1C9 /* CurrencyInputDelegate.swift */,
				0BBC9BD0286B3786006BC1C9 /* CurrencyInputViewModel.swift */,
				0BBC9BD2286B379C006BC1C9 /* CurrencyInputModel.swift */,
			);
			path = "Currency Input";
			sourceTree = "<group>";
		};
		0BDE0317286C360A000FED12 /* Picker View Wrapper */ = {
			isa = PBXGroup;
			children = (
				0BDE0318286C3645000FED12 /* PickerViewWrapperController.swift */,
				0BDE031A286C378C000FED12 /* PickerViewWrapperDelegate.swift */,
				0BDE031C286C37D7000FED12 /* PickerViewWrapperUIModel.swift */,
			);
			path = "Picker View Wrapper";
			sourceTree = "<group>";
		};
		0BF23633286ADBC400444B31 /* Client */ = {
			isa = PBXGroup;
			children = (
				0B8967E3286A1D0E000D155F /* NetworkClient.swift */,
				0B8967E6286A1DD0000D155F /* NetworkRequest.swift */,
				0B8967E8286A1F0E000D155F /* NetworkRequestMethod.swift */,
				0B8967EA286A2228000D155F /* NetworkError.swift */,
			);
			path = Client;
			sourceTree = "<group>";
		};
		0BF23634286ADC1E00444B31 /* Views */ = {
			isa = PBXGroup;
			children = (
				0BF23635286ADD1C00444B31 /* Account Chip */,
				0BBC9BCD286B3762006BC1C9 /* Currency Input */,
				0BDE0317286C360A000FED12 /* Picker View Wrapper */,
			);
			path = Views;
			sourceTree = "<group>";
		};
		0BF23635286ADD1C00444B31 /* Account Chip */ = {
			isa = PBXGroup;
			children = (
				0BF23636286ADD6F00444B31 /* AccountChip.swift */,
				0BF2363A286ADDA200444B31 /* AccountChipViewModel.swift */,
				0BF23638286ADD9900444B31 /* AccountChipModel.swift */,
			);
			path = "Account Chip";
			sourceTree = "<group>";
		};
		0BF2363C286ADE8500444B31 /* Shared Models */ = {
			isa = PBXGroup;
			children = (
				0BF2363D286ADE9800444B31 /* Currency.swift */,
				0BF2363F286ADF3100444B31 /* AccountItem.swift */,
				0B76981F286CEEDF001188F1 /* CurrencyInputType.swift */,
				0BA2622E286DCC300034FC55 /* AlertViewModel.swift */,
				0BB826EA286DE5C200305D84 /* SystemKeyboardInfo.swift */,
			);
			path = "Shared Models";
			sourceTree = "<group>";
		};
/* End PBXGroup section */

/* Begin PBXNativeTarget section */
		0B6A04AE2868D74C007B89E0 /* Currency Converter */ = {
			isa = PBXNativeTarget;
			buildConfigurationList = 0B6A04C32868D74C007B89E0 /* Build configuration list for PBXNativeTarget "Currency Converter" */;
			buildPhases = (
				0B6A04AB2868D74C007B89E0 /* Sources */,
				0B6A04AC2868D74C007B89E0 /* Frameworks */,
				0B6A04AD2868D74C007B89E0 /* Resources */,
			);
			buildRules = (
			);
			dependencies = (
			);
			name = "Currency Converter";
			productName = "Currency Converter";
			productReference = 0B6A04AF2868D74C007B89E0 /* Currency Converter.app */;
			productType = "com.apple.product-type.application";
		};
/* End PBXNativeTarget section */

/* Begin PBXProject section */
		0B6A04A72868D74C007B89E0 /* Project object */ = {
			isa = PBXProject;
			attributes = {
				BuildIndependentTargetsInParallel = 1;
				LastSwiftUpdateCheck = 1340;
				LastUpgradeCheck = 1340;
				TargetAttributes = {
					0B6A04AE2868D74C007B89E0 = {
						CreatedOnToolsVersion = 13.4;
					};
				};
			};
			buildConfigurationList = 0B6A04AA2868D74C007B89E0 /* Build configuration list for PBXProject "Currency Converter" */;
			compatibilityVersion = "Xcode 13.0";
			developmentRegion = en;
			hasScannedForEncodings = 0;
			knownRegions = (
				en,
				Base,
			);
			mainGroup = 0B6A04A62868D74C007B89E0;
			productRefGroup = 0B6A04B02868D74C007B89E0 /* Products */;
			projectDirPath = "";
			projectRoot = "";
			targets = (
				0B6A04AE2868D74C007B89E0 /* Currency Converter */,
			);
		};
/* End PBXProject section */

/* Begin PBXResourcesBuildPhase section */
		0B6A04AD2868D74C007B89E0 /* Resources */ = {
			isa = PBXResourcesBuildPhase;
			buildActionMask = 2147483647;
			files = (
				0B6A04BF2868D74C007B89E0 /* LaunchScreen.storyboard in Resources */,
				0B6A04BC2868D74C007B89E0 /* Assets.xcassets in Resources */,
			);
			runOnlyForDeploymentPostprocessing = 0;
		};
/* End PBXResourcesBuildPhase section */

/* Begin PBXSourcesBuildPhase section */
		0B6A04AB2868D74C007B89E0 /* Sources */ = {
			isa = PBXSourcesBuildPhase;
			buildActionMask = 2147483647;
			files = (
				0B8967E9286A1F0E000D155F /* NetworkRequestMethod.swift in Sources */,
				0B8967F8286A3F59000D155F /* Consts.swift in Sources */,
				0BB826F0286E48D600305D84 /* ImageBook.swift in Sources */,
				0BDE031D286C37D7000FED12 /* PickerViewWrapperUIModel.swift in Sources */,
				0BBC9BD3286B379C006BC1C9 /* CurrencyInputModel.swift in Sources */,
				0BDE031B286C378C000FED12 /* PickerViewWrapperDelegate.swift in Sources */,
				0B6A04CE2868E046007B89E0 /* UIView.NSLayoutConstraints.swift in Sources */,
				0B6A04D12868F0B0007B89E0 /* ConverterFactory.swift in Sources */,
				0B6A04D72868F134007B89E0 /* ConverterUIModel.swift in Sources */,
				0B6A04B32868D74C007B89E0 /* AppDelegate.swift in Sources */,
				0B769820286CEEDF001188F1 /* CurrencyInputType.swift in Sources */,
				0B8967EF286A3C68000D155F /* CurrencyConverterEntity.swift in Sources */,
				0B8967E7286A1DD0000D155F /* NetworkRequest.swift in Sources */,
				0B8967F5286A3E2E000D155F /* CurrencyConverterParameters.swift in Sources */,
				0B6A04DB2868F18F007B89E0 /* ConverterInterface.swift in Sources */,
				0B8967E4286A1D0E000D155F /* NetworkClient.swift in Sources */,
				0BB826ED286DEACE00305D84 /* NSLayoutConstraint.reference.swift in Sources */,
				0BF23640286ADF3100444B31 /* AccountItem.swift in Sources */,
				0B6A04D52868F0EA007B89E0 /* ConverterPresenter.swift in Sources */,
				0BEF0B41286E58C1009C8200 /* UIApplication.rootWindow.swift in Sources */,
				0BF23639286ADD9900444B31 /* AccountChipModel.swift in Sources */,
				0B8967EB286A2228000D155F /* NetworkError.swift in Sources */,
				0BDE0319286C3645000FED12 /* PickerViewWrapperController.swift in Sources */,
				0B6A04B52868D74C007B89E0 /* SceneDelegate.swift in Sources */,
				0BB826EB286DE5C200305D84 /* SystemKeyboardInfo.swift in Sources */,
				0BA2622F286DCC300034FC55 /* AlertViewModel.swift in Sources */,
				0B6A04D32868F0DB007B89E0 /* ConverterViewController.swift in Sources */,
				0BBC9BD5286B37A5006BC1C9 /* CurrencyInputDelegate.swift in Sources */,
				0BF2363E286ADE9800444B31 /* Currency.swift in Sources */,
				0BBC9BCF286B3771006BC1C9 /* CurrencyInput.swift in Sources */,
				0BF23637286ADD6F00444B31 /* AccountChip.swift in Sources */,
				0B8967F1286A3CEF000D155F /* CurrencyConverterUseCase.swift in Sources */,
				0BF2363B286ADDA200444B31 /* AccountChipViewModel.swift in Sources */,
				0BBC9BD1286B3786006BC1C9 /* CurrencyInputViewModel.swift in Sources */,
				0B6A66F0286B265F00B7A793 /* ConverterViewModel.swift in Sources */,
			);
			runOnlyForDeploymentPostprocessing = 0;
		};
/* End PBXSourcesBuildPhase section */

/* Begin PBXVariantGroup section */
		0B6A04BD2868D74C007B89E0 /* LaunchScreen.storyboard */ = {
			isa = PBXVariantGroup;
			children = (
				0B6A04BE2868D74C007B89E0 /* Base */,
			);
			name = LaunchScreen.storyboard;
			sourceTree = "<group>";
		};
/* End PBXVariantGroup section */

/* Begin XCBuildConfiguration section */
		0B6A04C12868D74C007B89E0 /* Debug */ = {
			isa = XCBuildConfiguration;
			buildSettings = {
				ALWAYS_SEARCH_USER_PATHS = NO;
				CLANG_ANALYZER_NONNULL = YES;
				CLANG_ANALYZER_NUMBER_OBJECT_CONVERSION = YES_AGGRESSIVE;
				CLANG_CXX_LANGUAGE_STANDARD = "gnu++17";
				CLANG_ENABLE_MODULES = YES;
				CLANG_ENABLE_OBJC_ARC = YES;
				CLANG_ENABLE_OBJC_WEAK = YES;
				CLANG_WARN_BLOCK_CAPTURE_AUTORELEASING = YES;
				CLANG_WARN_BOOL_CONVERSION = YES;
				CLANG_WARN_COMMA = YES;
				CLANG_WARN_CONSTANT_CONVERSION = YES;
				CLANG_WARN_DEPRECATED_OBJC_IMPLEMENTATIONS = YES;
				CLANG_WARN_DIRECT_OBJC_ISA_USAGE = YES_ERROR;
				CLANG_WARN_DOCUMENTATION_COMMENTS = YES;
				CLANG_WARN_EMPTY_BODY = YES;
				CLANG_WARN_ENUM_CONVERSION = YES;
				CLANG_WARN_INFINITE_RECURSION = YES;
				CLANG_WARN_INT_CONVERSION = YES;
				CLANG_WARN_NON_LITERAL_NULL_CONVERSION = YES;
				CLANG_WARN_OBJC_IMPLICIT_RETAIN_SELF = YES;
				CLANG_WARN_OBJC_LITERAL_CONVERSION = YES;
				CLANG_WARN_OBJC_ROOT_CLASS = YES_ERROR;
				CLANG_WARN_QUOTED_INCLUDE_IN_FRAMEWORK_HEADER = YES;
				CLANG_WARN_RANGE_LOOP_ANALYSIS = YES;
				CLANG_WARN_STRICT_PROTOTYPES = YES;
				CLANG_WARN_SUSPICIOUS_MOVE = YES;
				CLANG_WARN_UNGUARDED_AVAILABILITY = YES_AGGRESSIVE;
				CLANG_WARN_UNREACHABLE_CODE = YES;
				CLANG_WARN__DUPLICATE_METHOD_MATCH = YES;
				COPY_PHASE_STRIP = NO;
				DEBUG_INFORMATION_FORMAT = dwarf;
				ENABLE_STRICT_OBJC_MSGSEND = YES;
				ENABLE_TESTABILITY = YES;
				GCC_C_LANGUAGE_STANDARD = gnu11;
				GCC_DYNAMIC_NO_PIC = NO;
				GCC_NO_COMMON_BLOCKS = YES;
				GCC_OPTIMIZATION_LEVEL = 0;
				GCC_PREPROCESSOR_DEFINITIONS = (
					"DEBUG=1",
					"$(inherited)",
				);
				GCC_WARN_64_TO_32_BIT_CONVERSION = YES;
				GCC_WARN_ABOUT_RETURN_TYPE = YES_ERROR;
				GCC_WARN_UNDECLARED_SELECTOR = YES;
				GCC_WARN_UNINITIALIZED_AUTOS = YES_AGGRESSIVE;
				GCC_WARN_UNUSED_FUNCTION = YES;
				GCC_WARN_UNUSED_VARIABLE = YES;
				IPHONEOS_DEPLOYMENT_TARGET = 15.5;
				MTL_ENABLE_DEBUG_INFO = INCLUDE_SOURCE;
				MTL_FAST_MATH = YES;
				ONLY_ACTIVE_ARCH = YES;
				SDKROOT = iphoneos;
				SWIFT_ACTIVE_COMPILATION_CONDITIONS = DEBUG;
				SWIFT_OPTIMIZATION_LEVEL = "-Onone";
			};
			name = Debug;
		};
		0B6A04C22868D74C007B89E0 /* Release */ = {
			isa = XCBuildConfiguration;
			buildSettings = {
				ALWAYS_SEARCH_USER_PATHS = NO;
				CLANG_ANALYZER_NONNULL = YES;
				CLANG_ANALYZER_NUMBER_OBJECT_CONVERSION = YES_AGGRESSIVE;
				CLANG_CXX_LANGUAGE_STANDARD = "gnu++17";
				CLANG_ENABLE_MODULES = YES;
				CLANG_ENABLE_OBJC_ARC = YES;
				CLANG_ENABLE_OBJC_WEAK = YES;
				CLANG_WARN_BLOCK_CAPTURE_AUTORELEASING = YES;
				CLANG_WARN_BOOL_CONVERSION = YES;
				CLANG_WARN_COMMA = YES;
				CLANG_WARN_CONSTANT_CONVERSION = YES;
				CLANG_WARN_DEPRECATED_OBJC_IMPLEMENTATIONS = YES;
				CLANG_WARN_DIRECT_OBJC_ISA_USAGE = YES_ERROR;
				CLANG_WARN_DOCUMENTATION_COMMENTS = YES;
				CLANG_WARN_EMPTY_BODY = YES;
				CLANG_WARN_ENUM_CONVERSION = YES;
				CLANG_WARN_INFINITE_RECURSION = YES;
				CLANG_WARN_INT_CONVERSION = YES;
				CLANG_WARN_NON_LITERAL_NULL_CONVERSION = YES;
				CLANG_WARN_OBJC_IMPLICIT_RETAIN_SELF = YES;
				CLANG_WARN_OBJC_LITERAL_CONVERSION = YES;
				CLANG_WARN_OBJC_ROOT_CLASS = YES_ERROR;
				CLANG_WARN_QUOTED_INCLUDE_IN_FRAMEWORK_HEADER = YES;
				CLANG_WARN_RANGE_LOOP_ANALYSIS = YES;
				CLANG_WARN_STRICT_PROTOTYPES = YES;
				CLANG_WARN_SUSPICIOUS_MOVE = YES;
				CLANG_WARN_UNGUARDED_AVAILABILITY = YES_AGGRESSIVE;
				CLANG_WARN_UNREACHABLE_CODE = YES;
				CLANG_WARN__DUPLICATE_METHOD_MATCH = YES;
				COPY_PHASE_STRIP = NO;
				DEBUG_INFORMATION_FORMAT = "dwarf-with-dsym";
				ENABLE_NS_ASSERTIONS = NO;
				ENABLE_STRICT_OBJC_MSGSEND = YES;
				GCC_C_LANGUAGE_STANDARD = gnu11;
				GCC_NO_COMMON_BLOCKS = YES;
				GCC_WARN_64_TO_32_BIT_CONVERSION = YES;
				GCC_WARN_ABOUT_RETURN_TYPE = YES_ERROR;
				GCC_WARN_UNDECLARED_SELECTOR = YES;
				GCC_WARN_UNINITIALIZED_AUTOS = YES_AGGRESSIVE;
				GCC_WARN_UNUSED_FUNCTION = YES;
				GCC_WARN_UNUSED_VARIABLE = YES;
				IPHONEOS_DEPLOYMENT_TARGET = 15.5;
				MTL_ENABLE_DEBUG_INFO = NO;
				MTL_FAST_MATH = YES;
				SDKROOT = iphoneos;
				SWIFT_COMPILATION_MODE = wholemodule;
				SWIFT_OPTIMIZATION_LEVEL = "-O";
				VALIDATE_PRODUCT = YES;
			};
			name = Release;
		};
		0B6A04C42868D74C007B89E0 /* Debug */ = {
			isa = XCBuildConfiguration;
			buildSettings = {
				ASSETCATALOG_COMPILER_APPICON_NAME = AppIcon;
				ASSETCATALOG_COMPILER_GLOBAL_ACCENT_COLOR_NAME = AccentColor;
				CODE_SIGN_STYLE = Automatic;
				CURRENT_PROJECT_VERSION = 1;
				DEVELOPMENT_TEAM = B8426X6AW9;
				GENERATE_INFOPLIST_FILE = YES;
				INFOPLIST_FILE = "Currency Converter/Info.plist";
				INFOPLIST_KEY_UIApplicationSupportsIndirectInputEvents = YES;
				INFOPLIST_KEY_UILaunchStoryboardName = LaunchScreen;
				INFOPLIST_KEY_UISupportedInterfaceOrientations_iPad = "UIInterfaceOrientationPortrait UIInterfaceOrientationPortraitUpsideDown UIInterfaceOrientationLandscapeLeft UIInterfaceOrientationLandscapeRight";
				INFOPLIST_KEY_UISupportedInterfaceOrientations_iPhone = "UIInterfaceOrientationPortrait UIInterfaceOrientationLandscapeLeft UIInterfaceOrientationLandscapeRight";
				LD_RUNPATH_SEARCH_PATHS = (
					"$(inherited)",
					"@executable_path/Frameworks",
				);
				MARKETING_VERSION = 1.0;
				PRODUCT_BUNDLE_IDENTIFIER = "com.nkhur.Currency-Converter";
				PRODUCT_NAME = "$(TARGET_NAME)";
				SWIFT_EMIT_LOC_STRINGS = YES;
				SWIFT_VERSION = 5.0;
				TARGETED_DEVICE_FAMILY = "1,2";
			};
			name = Debug;
		};
		0B6A04C52868D74C007B89E0 /* Release */ = {
			isa = XCBuildConfiguration;
			buildSettings = {
				ASSETCATALOG_COMPILER_APPICON_NAME = AppIcon;
				ASSETCATALOG_COMPILER_GLOBAL_ACCENT_COLOR_NAME = AccentColor;
				CODE_SIGN_STYLE = Automatic;
				CURRENT_PROJECT_VERSION = 1;
				DEVELOPMENT_TEAM = B8426X6AW9;
				GENERATE_INFOPLIST_FILE = YES;
				INFOPLIST_FILE = "Currency Converter/Info.plist";
				INFOPLIST_KEY_UIApplicationSupportsIndirectInputEvents = YES;
				INFOPLIST_KEY_UILaunchStoryboardName = LaunchScreen;
				INFOPLIST_KEY_UISupportedInterfaceOrientations_iPad = "UIInterfaceOrientationPortrait UIInterfaceOrientationPortraitUpsideDown UIInterfaceOrientationLandscapeLeft UIInterfaceOrientationLandscapeRight";
				INFOPLIST_KEY_UISupportedInterfaceOrientations_iPhone = "UIInterfaceOrientationPortrait UIInterfaceOrientationLandscapeLeft UIInterfaceOrientationLandscapeRight";
				LD_RUNPATH_SEARCH_PATHS = (
					"$(inherited)",
					"@executable_path/Frameworks",
				);
				MARKETING_VERSION = 1.0;
				PRODUCT_BUNDLE_IDENTIFIER = "com.nkhur.Currency-Converter";
				PRODUCT_NAME = "$(TARGET_NAME)";
				SWIFT_EMIT_LOC_STRINGS = YES;
				SWIFT_VERSION = 5.0;
				TARGETED_DEVICE_FAMILY = "1,2";
			};
			name = Release;
		};
/* End XCBuildConfiguration section */

/* Begin XCConfigurationList section */
		0B6A04AA2868D74C007B89E0 /* Build configuration list for PBXProject "Currency Converter" */ = {
			isa = XCConfigurationList;
			buildConfigurations = (
				0B6A04C12868D74C007B89E0 /* Debug */,
				0B6A04C22868D74C007B89E0 /* Release */,
			);
			defaultConfigurationIsVisible = 0;
			defaultConfigurationName = Release;
		};
		0B6A04C32868D74C007B89E0 /* Build configuration list for PBXNativeTarget "Currency Converter" */ = {
			isa = XCConfigurationList;
			buildConfigurations = (
				0B6A04C42868D74C007B89E0 /* Debug */,
				0B6A04C52868D74C007B89E0 /* Release */,
			);
			defaultConfigurationIsVisible = 0;
			defaultConfigurationName = Release;
		};
/* End XCConfigurationList section */
	};
	rootObject = 0B6A04A72868D74C007B89E0 /* Project object */;
}
